// !$*UTF8*$!
{
	archiveVersion = 1;
	classes = {
	};
	objectVersion = 46;
	objects = {

/* Begin PBXBuildFile section */
		7B48F54615288D0600AF4235 /* DbRecord.m in Sources */ = {isa = PBXBuildFile; fileRef = 7B48F54515288D0600AF4235 /* DbRecord.m */; };
		7B7C03161527D7080096D599 /* FeedEntryView.m in Sources */ = {isa = PBXBuildFile; fileRef = 7B7C03151527D7080096D599 /* FeedEntryView.m */; };
		7B7C031A1527D7430096D599 /* FeedEntry.m in Sources */ = {isa = PBXBuildFile; fileRef = 7B7C03191527D7430096D599 /* FeedEntry.m */; };
		7B8E18ED152738BD008F610F /* UIKit.framework in Frameworks */ = {isa = PBXBuildFile; fileRef = 7B8E18EC152738BD008F610F /* UIKit.framework */; };
		7B8E18EF152738BD008F610F /* Foundation.framework in Frameworks */ = {isa = PBXBuildFile; fileRef = 7B8E18EE152738BD008F610F /* Foundation.framework */; };
		7B8E18F1152738BD008F610F /* CoreGraphics.framework in Frameworks */ = {isa = PBXBuildFile; fileRef = 7B8E18F0152738BD008F610F /* CoreGraphics.framework */; };
		7B8E18F7152738BD008F610F /* InfoPlist.strings in Resources */ = {isa = PBXBuildFile; fileRef = 7B8E18F5152738BD008F610F /* InfoPlist.strings */; };
		7B8E18F9152738BD008F610F /* main.m in Sources */ = {isa = PBXBuildFile; fileRef = 7B8E18F8152738BD008F610F /* main.m */; };
		7B8E18FD152738BD008F610F /* KTAppDelegate.m in Sources */ = {isa = PBXBuildFile; fileRef = 7B8E18FC152738BD008F610F /* KTAppDelegate.m */; };
		7B8E1900152738BD008F610F /* MainStoryboard_iPhone.storyboard in Resources */ = {isa = PBXBuildFile; fileRef = 7B8E18FE152738BD008F610F /* MainStoryboard_iPhone.storyboard */; };
		7B8E1903152738BD008F610F /* MainStoryboard_iPad.storyboard in Resources */ = {isa = PBXBuildFile; fileRef = 7B8E1901152738BD008F610F /* MainStoryboard_iPad.storyboard */; };
		7B8E1906152738BD008F610F /* KTMasterViewController.m in Sources */ = {isa = PBXBuildFile; fileRef = 7B8E1905152738BD008F610F /* KTMasterViewController.m */; };
		7B8E1909152738BD008F610F /* KTDetailViewController.m in Sources */ = {isa = PBXBuildFile; fileRef = 7B8E1908152738BD008F610F /* KTDetailViewController.m */; };
		7B8E1911152738BD008F610F /* SenTestingKit.framework in Frameworks */ = {isa = PBXBuildFile; fileRef = 7B8E1910152738BD008F610F /* SenTestingKit.framework */; };
		7B8E1912152738BD008F610F /* UIKit.framework in Frameworks */ = {isa = PBXBuildFile; fileRef = 7B8E18EC152738BD008F610F /* UIKit.framework */; };
		7B8E1913152738BD008F610F /* Foundation.framework in Frameworks */ = {isa = PBXBuildFile; fileRef = 7B8E18EE152738BD008F610F /* Foundation.framework */; };
		7B8E191B152738BD008F610F /* InfoPlist.strings in Resources */ = {isa = PBXBuildFile; fileRef = 7B8E1919152738BD008F610F /* InfoPlist.strings */; };
		7B8E191E152738BD008F610F /* FeedReaderTests.m in Sources */ = {isa = PBXBuildFile; fileRef = 7B8E191D152738BD008F610F /* FeedReaderTests.m */; };
		7B8E192D15274AE2008F610F /* libsqlite3.dylib in Frameworks */ = {isa = PBXBuildFile; fileRef = 7B8E192C15274AE2008F610F /* libsqlite3.dylib */; };
		7BAF107C15467B610029E4C2 /* libGoogleAdMobAds.a in Frameworks */ = {isa = PBXBuildFile; fileRef = 7BAF107A15467B610029E4C2 /* libGoogleAdMobAds.a */; };
		7BAF107F15467B960029E4C2 /* AudioToolbox.framework in Frameworks */ = {isa = PBXBuildFile; fileRef = 7BAF107E15467B960029E4C2 /* AudioToolbox.framework */; };
		7BAF108115467B9E0029E4C2 /* MessageUI.framework in Frameworks */ = {isa = PBXBuildFile; fileRef = 7BAF108015467B9E0029E4C2 /* MessageUI.framework */; };
		7BAF108315467BA90029E4C2 /* SystemConfiguration.framework in Frameworks */ = {isa = PBXBuildFile; fileRef = 7BAF108215467BA90029E4C2 /* SystemConfiguration.framework */; };
		7BCA1B6415484B4F00D080AE /* Reachability.m in Sources */ = {isa = PBXBuildFile; fileRef = 7BCA1B6315484B4F00D080AE /* Reachability.m */; };
		7BD197C2152C860500C62FFE /* FeedEntryLabel.m in Sources */ = {isa = PBXBuildFile; fileRef = 7BD197C1152C860400C62FFE /* FeedEntryLabel.m */; };
		7BD19816152D4F5700C62FFE /* SplashViewController.m in Sources */ = {isa = PBXBuildFile; fileRef = 7BD19815152D4F5700C62FFE /* SplashViewController.m */; };
		7BD1984615307B9100C62FFE /* BoyKuripot.jpg in Resources */ = {isa = PBXBuildFile; fileRef = 7BD1984515307B9000C62FFE /* BoyKuripot.jpg */; };
		7BD1984B153903EF00C62FFE /* FeedService.m in Sources */ = {isa = PBXBuildFile; fileRef = 7BD1984A153903EF00C62FFE /* FeedService.m */; };
		7BD1984E1539041B00C62FFE /* XmlParser.m in Sources */ = {isa = PBXBuildFile; fileRef = 7BD1984D1539041B00C62FFE /* XmlParser.m */; };
		7BD19850153906CB00C62FFE /* boykuripot-banner.jpg in Resources */ = {isa = PBXBuildFile; fileRef = 7BD1984F153906CB00C62FFE /* boykuripot-banner.jpg */; };
		7BD198571539216C00C62FFE /* FeedEntryXmlParser.m in Sources */ = {isa = PBXBuildFile; fileRef = 7BD198561539216C00C62FFE /* FeedEntryXmlParser.m */; };
		7BD1985A153DB5D800C62FFE /* DatabaseService.m in Sources */ = {isa = PBXBuildFile; fileRef = 7BD19859153DB5D800C62FFE /* DatabaseService.m */; };
		7BD1985D153EF97200C62FFE /* WebContentService.m in Sources */ = {isa = PBXBuildFile; fileRef = 7BD1985C153EF96C00C62FFE /* WebContentService.m */; };
		7BD19861153F17B100C62FFE /* FeedEntryImage.m in Sources */ = {isa = PBXBuildFile; fileRef = 7BD19860153F17B100C62FFE /* FeedEntryImage.m */; };
		7BD198641540476B00C62FFE /* QuartzCore.framework in Frameworks */ = {isa = PBXBuildFile; fileRef = 7BD198631540476A00C62FFE /* QuartzCore.framework */; };
		7BD1986715404E0800C62FFE /* ViewService.m in Sources */ = {isa = PBXBuildFile; fileRef = 7BD1986615404E0800C62FFE /* ViewService.m */; };
		7BD198711540531000C62FFE /* 300x100.jpg in Resources */ = {isa = PBXBuildFile; fileRef = 7BD1986E1540531000C62FFE /* 300x100.jpg */; };
		7BD198721540531000C62FFE /* timeline photo.jpg in Resources */ = {isa = PBXBuildFile; fileRef = 7BD1986F1540531000C62FFE /* timeline photo.jpg */; };
		7BD198731540531000C62FFE /* WIN BIG 120 x 240.jpg in Resources */ = {isa = PBXBuildFile; fileRef = 7BD198701540531000C62FFE /* WIN BIG 120 x 240.jpg */; };
		7BD1987515405C4F00C62FFE /* homeEntry.css in Resources */ = {isa = PBXBuildFile; fileRef = 7BD1987415405C4F00C62FFE /* homeEntry.css */; };
		7BD198791540698D00C62FFE /* email.jpg in Resources */ = {isa = PBXBuildFile; fileRef = 7BD198761540698D00C62FFE /* email.jpg */; };
		7BD1987A1540698D00C62FFE /* facebook.jpg in Resources */ = {isa = PBXBuildFile; fileRef = 7BD198771540698D00C62FFE /* facebook.jpg */; };
		7BD1987B1540698D00C62FFE /* twitter.jpg in Resources */ = {isa = PBXBuildFile; fileRef = 7BD198781540698D00C62FFE /* twitter.jpg */; };
		7BF553A71548392C00B133B1 /* boykuripot-app-icon.png in Resources */ = {isa = PBXBuildFile; fileRef = 7BF553A61548392C00B133B1 /* boykuripot-app-icon.png */; };
		7BF553AB15483AC500B133B1 /* boykuripot-app-icon.png in Resources */ = {isa = PBXBuildFile; fileRef = 7BF553AA15483AC400B133B1 /* boykuripot-app-icon.png */; };
		7BF553AD15483BA200B133B1 /* boykuripot-app-icon-retina.png in Resources */ = {isa = PBXBuildFile; fileRef = 7BF553AC15483BA200B133B1 /* boykuripot-app-icon-retina.png */; };
		7BF553AE15483C2A00B133B1 /* boykuripot-app-icon-retina.png in Resources */ = {isa = PBXBuildFile; fileRef = 7BF553A815483A4F00B133B1 /* boykuripot-app-icon-retina.png */; };
		7BF553B415483D5800B133B1 /* MyViewController.m in Sources */ = {isa = PBXBuildFile; fileRef = 7BF553B315483D5800B133B1 /* MyViewController.m */; };
/* End PBXBuildFile section */

/* Begin PBXContainerItemProxy section */
		7B8E1914152738BD008F610F /* PBXContainerItemProxy */ = {
			isa = PBXContainerItemProxy;
			containerPortal = 7B8E18DF152738BD008F610F /* Project object */;
			proxyType = 1;
			remoteGlobalIDString = 7B8E18E7152738BD008F610F;
			remoteInfo = FeedReader;
		};
/* End PBXContainerItemProxy section */

/* Begin PBXFileReference section */
		7B48F54415288D0600AF4235 /* DbRecord.h */ = {isa = PBXFileReference; fileEncoding = 4; lastKnownFileType = sourcecode.c.h; path = DbRecord.h; sourceTree = "<group>"; };
		7B48F54515288D0600AF4235 /* DbRecord.m */ = {isa = PBXFileReference; fileEncoding = 4; lastKnownFileType = sourcecode.c.objc; path = DbRecord.m; sourceTree = "<group>"; };
		7B7C03141527D7080096D599 /* FeedEntryView.h */ = {isa = PBXFileReference; fileEncoding = 4; lastKnownFileType = sourcecode.c.h; path = FeedEntryView.h; sourceTree = "<group>"; };
		7B7C03151527D7080096D599 /* FeedEntryView.m */ = {isa = PBXFileReference; fileEncoding = 4; lastKnownFileType = sourcecode.c.objc; path = FeedEntryView.m; sourceTree = "<group>"; };
		7B7C03181527D7430096D599 /* FeedEntry.h */ = {isa = PBXFileReference; fileEncoding = 4; lastKnownFileType = sourcecode.c.h; path = FeedEntry.h; sourceTree = "<group>"; };
		7B7C03191527D7430096D599 /* FeedEntry.m */ = {isa = PBXFileReference; fileEncoding = 4; lastKnownFileType = sourcecode.c.objc; path = FeedEntry.m; sourceTree = "<group>"; };
		7B8E18E8152738BD008F610F /* Boy Kuripot.app */ = {isa = PBXFileReference; explicitFileType = wrapper.application; includeInIndex = 0; path = "Boy Kuripot.app"; sourceTree = BUILT_PRODUCTS_DIR; };
		7B8E18EC152738BD008F610F /* UIKit.framework */ = {isa = PBXFileReference; lastKnownFileType = wrapper.framework; name = UIKit.framework; path = System/Library/Frameworks/UIKit.framework; sourceTree = SDKROOT; };
		7B8E18EE152738BD008F610F /* Foundation.framework */ = {isa = PBXFileReference; lastKnownFileType = wrapper.framework; name = Foundation.framework; path = System/Library/Frameworks/Foundation.framework; sourceTree = SDKROOT; };
		7B8E18F0152738BD008F610F /* CoreGraphics.framework */ = {isa = PBXFileReference; lastKnownFileType = wrapper.framework; name = CoreGraphics.framework; path = System/Library/Frameworks/CoreGraphics.framework; sourceTree = SDKROOT; };
		7B8E18F4152738BD008F610F /* Boy Kuripot-Info.plist */ = {isa = PBXFileReference; lastKnownFileType = text.plist.xml; path = "Boy Kuripot-Info.plist"; sourceTree = "<group>"; };
		7B8E18F6152738BD008F610F /* en */ = {isa = PBXFileReference; lastKnownFileType = text.plist.strings; name = en; path = en.lproj/InfoPlist.strings; sourceTree = "<group>"; };
		7B8E18F8152738BD008F610F /* main.m */ = {isa = PBXFileReference; lastKnownFileType = sourcecode.c.objc; path = main.m; sourceTree = "<group>"; };
		7B8E18FA152738BD008F610F /* Boy Kuripot-Prefix.pch */ = {isa = PBXFileReference; lastKnownFileType = sourcecode.c.h; path = "Boy Kuripot-Prefix.pch"; sourceTree = "<group>"; };
		7B8E18FB152738BD008F610F /* KTAppDelegate.h */ = {isa = PBXFileReference; lastKnownFileType = sourcecode.c.h; path = KTAppDelegate.h; sourceTree = "<group>"; };
		7B8E18FC152738BD008F610F /* KTAppDelegate.m */ = {isa = PBXFileReference; lastKnownFileType = sourcecode.c.objc; path = KTAppDelegate.m; sourceTree = "<group>"; };
		7B8E18FF152738BD008F610F /* en */ = {isa = PBXFileReference; lastKnownFileType = file.storyboard; name = en; path = en.lproj/MainStoryboard_iPhone.storyboard; sourceTree = "<group>"; };
		7B8E1902152738BD008F610F /* en */ = {isa = PBXFileReference; lastKnownFileType = file.storyboard; name = en; path = en.lproj/MainStoryboard_iPad.storyboard; sourceTree = "<group>"; };
		7B8E1904152738BD008F610F /* KTMasterViewController.h */ = {isa = PBXFileReference; lastKnownFileType = sourcecode.c.h; path = KTMasterViewController.h; sourceTree = "<group>"; };
		7B8E1905152738BD008F610F /* KTMasterViewController.m */ = {isa = PBXFileReference; lastKnownFileType = sourcecode.c.objc; path = KTMasterViewController.m; sourceTree = "<group>"; };
		7B8E1907152738BD008F610F /* KTDetailViewController.h */ = {isa = PBXFileReference; lastKnownFileType = sourcecode.c.h; path = KTDetailViewController.h; sourceTree = "<group>"; };
		7B8E1908152738BD008F610F /* KTDetailViewController.m */ = {isa = PBXFileReference; lastKnownFileType = sourcecode.c.objc; path = KTDetailViewController.m; sourceTree = "<group>"; };
		7B8E190F152738BD008F610F /* Boy KuripotTests.octest */ = {isa = PBXFileReference; explicitFileType = wrapper.cfbundle; includeInIndex = 0; path = "Boy KuripotTests.octest"; sourceTree = BUILT_PRODUCTS_DIR; };
		7B8E1910152738BD008F610F /* SenTestingKit.framework */ = {isa = PBXFileReference; lastKnownFileType = wrapper.framework; name = SenTestingKit.framework; path = Library/Frameworks/SenTestingKit.framework; sourceTree = DEVELOPER_DIR; };
		7B8E1918152738BD008F610F /* Boy KuripotTests-Info.plist */ = {isa = PBXFileReference; lastKnownFileType = text.plist.xml; path = "Boy KuripotTests-Info.plist"; sourceTree = "<group>"; };
		7B8E191A152738BD008F610F /* en */ = {isa = PBXFileReference; lastKnownFileType = text.plist.strings; name = en; path = en.lproj/InfoPlist.strings; sourceTree = "<group>"; };
		7B8E191C152738BD008F610F /* FeedReaderTests.h */ = {isa = PBXFileReference; lastKnownFileType = sourcecode.c.h; path = FeedReaderTests.h; sourceTree = "<group>"; };
		7B8E191D152738BD008F610F /* FeedReaderTests.m */ = {isa = PBXFileReference; lastKnownFileType = sourcecode.c.objc; path = FeedReaderTests.m; sourceTree = "<group>"; };
		7B8E192C15274AE2008F610F /* libsqlite3.dylib */ = {isa = PBXFileReference; lastKnownFileType = "compiled.mach-o.dylib"; name = libsqlite3.dylib; path = usr/lib/libsqlite3.dylib; sourceTree = SDKROOT; };
		7BAF107115467B5D0029E4C2 /* GADAdMobExtras.h */ = {isa = PBXFileReference; fileEncoding = 4; lastKnownFileType = sourcecode.c.h; path = GADAdMobExtras.h; sourceTree = "<group>"; };
		7BAF107215467B5E0029E4C2 /* GADAdNetworkExtras.h */ = {isa = PBXFileReference; fileEncoding = 4; lastKnownFileType = sourcecode.c.h; path = GADAdNetworkExtras.h; sourceTree = "<group>"; };
		7BAF107315467B5E0029E4C2 /* GADAdSize.h */ = {isa = PBXFileReference; fileEncoding = 4; lastKnownFileType = sourcecode.c.h; path = GADAdSize.h; sourceTree = "<group>"; };
		7BAF107415467B5F0029E4C2 /* GADBannerView.h */ = {isa = PBXFileReference; fileEncoding = 4; lastKnownFileType = sourcecode.c.h; path = GADBannerView.h; sourceTree = "<group>"; };
		7BAF107515467B5F0029E4C2 /* GADBannerViewDelegate.h */ = {isa = PBXFileReference; fileEncoding = 4; lastKnownFileType = sourcecode.c.h; path = GADBannerViewDelegate.h; sourceTree = "<group>"; };
		7BAF107615467B5F0029E4C2 /* GADInterstitial.h */ = {isa = PBXFileReference; fileEncoding = 4; lastKnownFileType = sourcecode.c.h; path = GADInterstitial.h; sourceTree = "<group>"; };
		7BAF107715467B600029E4C2 /* GADInterstitialDelegate.h */ = {isa = PBXFileReference; fileEncoding = 4; lastKnownFileType = sourcecode.c.h; path = GADInterstitialDelegate.h; sourceTree = "<group>"; };
		7BAF107815467B610029E4C2 /* GADRequest.h */ = {isa = PBXFileReference; fileEncoding = 4; lastKnownFileType = sourcecode.c.h; path = GADRequest.h; sourceTree = "<group>"; };
		7BAF107915467B610029E4C2 /* GADRequestError.h */ = {isa = PBXFileReference; fileEncoding = 4; lastKnownFileType = sourcecode.c.h; path = GADRequestError.h; sourceTree = "<group>"; };
		7BAF107A15467B610029E4C2 /* libGoogleAdMobAds.a */ = {isa = PBXFileReference; lastKnownFileType = archive.ar; path = libGoogleAdMobAds.a; sourceTree = "<group>"; };
		7BAF107E15467B960029E4C2 /* AudioToolbox.framework */ = {isa = PBXFileReference; lastKnownFileType = wrapper.framework; name = AudioToolbox.framework; path = System/Library/Frameworks/AudioToolbox.framework; sourceTree = SDKROOT; };
		7BAF108015467B9E0029E4C2 /* MessageUI.framework */ = {isa = PBXFileReference; lastKnownFileType = wrapper.framework; name = MessageUI.framework; path = System/Library/Frameworks/MessageUI.framework; sourceTree = SDKROOT; };
		7BAF108215467BA90029E4C2 /* SystemConfiguration.framework */ = {isa = PBXFileReference; lastKnownFileType = wrapper.framework; name = SystemConfiguration.framework; path = System/Library/Frameworks/SystemConfiguration.framework; sourceTree = SDKROOT; };
		7BCA1B6215484B4F00D080AE /* Reachability.h */ = {isa = PBXFileReference; fileEncoding = 4; lastKnownFileType = sourcecode.c.h; path = Reachability.h; sourceTree = "<group>"; };
		7BCA1B6315484B4F00D080AE /* Reachability.m */ = {isa = PBXFileReference; fileEncoding = 4; lastKnownFileType = sourcecode.c.objc; path = Reachability.m; sourceTree = "<group>"; };
		7BD197C0152C860400C62FFE /* FeedEntryLabel.h */ = {isa = PBXFileReference; fileEncoding = 4; lastKnownFileType = sourcecode.c.h; path = FeedEntryLabel.h; sourceTree = "<group>"; };
		7BD197C1152C860400C62FFE /* FeedEntryLabel.m */ = {isa = PBXFileReference; fileEncoding = 4; lastKnownFileType = sourcecode.c.objc; path = FeedEntryLabel.m; sourceTree = "<group>"; };
		7BD19814152D4F5600C62FFE /* SplashViewController.h */ = {isa = PBXFileReference; fileEncoding = 4; lastKnownFileType = sourcecode.c.h; path = SplashViewController.h; sourceTree = "<group>"; };
		7BD19815152D4F5700C62FFE /* SplashViewController.m */ = {isa = PBXFileReference; fileEncoding = 4; lastKnownFileType = sourcecode.c.objc; path = SplashViewController.m; sourceTree = "<group>"; };
		7BD1984515307B9000C62FFE /* BoyKuripot.jpg */ = {isa = PBXFileReference; lastKnownFileType = image.jpeg; name = BoyKuripot.jpg; path = images/BoyKuripot.jpg; sourceTree = "<group>"; };
		7BD19849153903EF00C62FFE /* FeedService.h */ = {isa = PBXFileReference; fileEncoding = 4; lastKnownFileType = sourcecode.c.h; path = FeedService.h; sourceTree = "<group>"; };
		7BD1984A153903EF00C62FFE /* FeedService.m */ = {isa = PBXFileReference; fileEncoding = 4; lastKnownFileType = sourcecode.c.objc; path = FeedService.m; sourceTree = "<group>"; };
		7BD1984C1539041B00C62FFE /* XmlParser.h */ = {isa = PBXFileReference; fileEncoding = 4; lastKnownFileType = sourcecode.c.h; path = XmlParser.h; sourceTree = "<group>"; };
		7BD1984D1539041B00C62FFE /* XmlParser.m */ = {isa = PBXFileReference; fileEncoding = 4; lastKnownFileType = sourcecode.c.objc; path = XmlParser.m; sourceTree = "<group>"; };
		7BD1984F153906CB00C62FFE /* boykuripot-banner.jpg */ = {isa = PBXFileReference; lastKnownFileType = image.jpeg; name = "boykuripot-banner.jpg"; path = "images/boykuripot-banner.jpg"; sourceTree = "<group>"; };
		7BD1985415391DE600C62FFE /* Constants.h */ = {isa = PBXFileReference; fileEncoding = 4; lastKnownFileType = sourcecode.c.h; path = Constants.h; sourceTree = "<group>"; };
		7BD198551539216C00C62FFE /* FeedEntryXmlParser.h */ = {isa = PBXFileReference; fileEncoding = 4; lastKnownFileType = sourcecode.c.h; path = FeedEntryXmlParser.h; sourceTree = "<group>"; };
		7BD198561539216C00C62FFE /* FeedEntryXmlParser.m */ = {isa = PBXFileReference; fileEncoding = 4; lastKnownFileType = sourcecode.c.objc; path = FeedEntryXmlParser.m; sourceTree = "<group>"; };
		7BD19858153DB5D700C62FFE /* DatabaseService.h */ = {isa = PBXFileReference; fileEncoding = 4; lastKnownFileType = sourcecode.c.h; path = DatabaseService.h; sourceTree = "<group>"; };
		7BD19859153DB5D800C62FFE /* DatabaseService.m */ = {isa = PBXFileReference; fileEncoding = 4; lastKnownFileType = sourcecode.c.objc; path = DatabaseService.m; sourceTree = "<group>"; };
		7BD1985B153EF96800C62FFE /* WebContentService.h */ = {isa = PBXFileReference; fileEncoding = 4; lastKnownFileType = sourcecode.c.h; path = WebContentService.h; sourceTree = "<group>"; };
		7BD1985C153EF96C00C62FFE /* WebContentService.m */ = {isa = PBXFileReference; fileEncoding = 4; lastKnownFileType = sourcecode.c.objc; path = WebContentService.m; sourceTree = "<group>"; };
		7BD1985F153F17B100C62FFE /* FeedEntryImage.h */ = {isa = PBXFileReference; fileEncoding = 4; lastKnownFileType = sourcecode.c.h; path = FeedEntryImage.h; sourceTree = "<group>"; };
		7BD19860153F17B100C62FFE /* FeedEntryImage.m */ = {isa = PBXFileReference; fileEncoding = 4; lastKnownFileType = sourcecode.c.objc; path = FeedEntryImage.m; sourceTree = "<group>"; };
		7BD198631540476A00C62FFE /* QuartzCore.framework */ = {isa = PBXFileReference; lastKnownFileType = wrapper.framework; name = QuartzCore.framework; path = System/Library/Frameworks/QuartzCore.framework; sourceTree = SDKROOT; };
		7BD1986515404E0700C62FFE /* ViewService.h */ = {isa = PBXFileReference; fileEncoding = 4; lastKnownFileType = sourcecode.c.h; path = ViewService.h; sourceTree = "<group>"; };
		7BD1986615404E0800C62FFE /* ViewService.m */ = {isa = PBXFileReference; fileEncoding = 4; lastKnownFileType = sourcecode.c.objc; path = ViewService.m; sourceTree = "<group>"; };
		7BD1986E1540531000C62FFE /* 300x100.jpg */ = {isa = PBXFileReference; lastKnownFileType = image.jpeg; name = 300x100.jpg; path = images/300x100.jpg; sourceTree = "<group>"; };
		7BD1986F1540531000C62FFE /* timeline photo.jpg */ = {isa = PBXFileReference; lastKnownFileType = image.jpeg; name = "timeline photo.jpg"; path = "images/timeline photo.jpg"; sourceTree = "<group>"; };
		7BD198701540531000C62FFE /* WIN BIG 120 x 240.jpg */ = {isa = PBXFileReference; lastKnownFileType = image.jpeg; name = "WIN BIG 120 x 240.jpg"; path = "images/WIN BIG 120 x 240.jpg"; sourceTree = "<group>"; };
		7BD1987415405C4F00C62FFE /* homeEntry.css */ = {isa = PBXFileReference; fileEncoding = 4; lastKnownFileType = text.css; path = homeEntry.css; sourceTree = "<group>"; };
		7BD198761540698D00C62FFE /* email.jpg */ = {isa = PBXFileReference; lastKnownFileType = image.jpeg; name = email.jpg; path = images/email.jpg; sourceTree = "<group>"; };
		7BD198771540698D00C62FFE /* facebook.jpg */ = {isa = PBXFileReference; lastKnownFileType = image.jpeg; name = facebook.jpg; path = images/facebook.jpg; sourceTree = "<group>"; };
		7BD198781540698D00C62FFE /* twitter.jpg */ = {isa = PBXFileReference; lastKnownFileType = image.jpeg; name = twitter.jpg; path = images/twitter.jpg; sourceTree = "<group>"; };
		7BF553A61548392C00B133B1 /* boykuripot-app-icon.png */ = {isa = PBXFileReference; lastKnownFileType = image.png; name = "boykuripot-app-icon.png"; path = "images/boykuripot-app-icon.png"; sourceTree = "<group>"; };
		7BF553A815483A4F00B133B1 /* boykuripot-app-icon-retina.png */ = {isa = PBXFileReference; lastKnownFileType = image.png; name = "boykuripot-app-icon-retina.png"; path = "images/boykuripot-app-icon-retina.png"; sourceTree = "<group>"; };
		7BF553AA15483AC400B133B1 /* boykuripot-app-icon.png */ = {isa = PBXFileReference; lastKnownFileType = image.png; path = "boykuripot-app-icon.png"; sourceTree = "<group>"; };
		7BF553AC15483BA200B133B1 /* boykuripot-app-icon-retina.png */ = {isa = PBXFileReference; lastKnownFileType = image.png; path = "boykuripot-app-icon-retina.png"; sourceTree = "<group>"; };
		7BF553B215483D5800B133B1 /* MyViewController.h */ = {isa = PBXFileReference; fileEncoding = 4; lastKnownFileType = sourcecode.c.h; path = MyViewController.h; sourceTree = "<group>"; };
		7BF553B315483D5800B133B1 /* MyViewController.m */ = {isa = PBXFileReference; fileEncoding = 4; lastKnownFileType = sourcecode.c.objc; path = MyViewController.m; sourceTree = "<group>"; };
/* End PBXFileReference section */

/* Begin PBXFrameworksBuildPhase section */
		7B8E18E5152738BD008F610F /* Frameworks */ = {
			isa = PBXFrameworksBuildPhase;
			buildActionMask = 2147483647;
			files = (
				7BAF108315467BA90029E4C2 /* SystemConfiguration.framework in Frameworks */,
				7BAF108115467B9E0029E4C2 /* MessageUI.framework in Frameworks */,
				7BAF107F15467B960029E4C2 /* AudioToolbox.framework in Frameworks */,
				7BD198641540476B00C62FFE /* QuartzCore.framework in Frameworks */,
				7B8E192D15274AE2008F610F /* libsqlite3.dylib in Frameworks */,
				7B8E18ED152738BD008F610F /* UIKit.framework in Frameworks */,
				7B8E18EF152738BD008F610F /* Foundation.framework in Frameworks */,
				7B8E18F1152738BD008F610F /* CoreGraphics.framework in Frameworks */,
				7BAF107C15467B610029E4C2 /* libGoogleAdMobAds.a in Frameworks */,
			);
			runOnlyForDeploymentPostprocessing = 0;
		};
		7B8E190B152738BD008F610F /* Frameworks */ = {
			isa = PBXFrameworksBuildPhase;
			buildActionMask = 2147483647;
			files = (
				7B8E1911152738BD008F610F /* SenTestingKit.framework in Frameworks */,
				7B8E1912152738BD008F610F /* UIKit.framework in Frameworks */,
				7B8E1913152738BD008F610F /* Foundation.framework in Frameworks */,
			);
			runOnlyForDeploymentPostprocessing = 0;
		};
/* End PBXFrameworksBuildPhase section */

/* Begin PBXGroup section */
		7B8E18DD152738BC008F610F = {
			isa = PBXGroup;
			children = (
				7BF553AC15483BA200B133B1 /* boykuripot-app-icon-retina.png */,
				7BF553AA15483AC400B133B1 /* boykuripot-app-icon.png */,
				7BAF108215467BA90029E4C2 /* SystemConfiguration.framework */,
				7BAF108015467B9E0029E4C2 /* MessageUI.framework */,
				7BAF107E15467B960029E4C2 /* AudioToolbox.framework */,
				7BAF107115467B5D0029E4C2 /* GADAdMobExtras.h */,
				7BAF107215467B5E0029E4C2 /* GADAdNetworkExtras.h */,
				7BAF107315467B5E0029E4C2 /* GADAdSize.h */,
				7BAF107415467B5F0029E4C2 /* GADBannerView.h */,
				7BAF107515467B5F0029E4C2 /* GADBannerViewDelegate.h */,
				7BAF107615467B5F0029E4C2 /* GADInterstitial.h */,
				7BAF107715467B600029E4C2 /* GADInterstitialDelegate.h */,
				7BAF107815467B610029E4C2 /* GADRequest.h */,
				7BAF107915467B610029E4C2 /* GADRequestError.h */,
				7BAF107A15467B610029E4C2 /* libGoogleAdMobAds.a */,
				7BAF107B15467B610029E4C2 /* Mediation */,
				7BD198631540476A00C62FFE /* QuartzCore.framework */,
				7B8E192C15274AE2008F610F /* libsqlite3.dylib */,
				7B8E18F2152738BD008F610F /* FeedReader */,
				7B8E1916152738BD008F610F /* FeedReaderTests */,
				7B8E18EB152738BD008F610F /* Frameworks */,
				7B8E18E9152738BD008F610F /* Products */,
			);
			sourceTree = "<group>";
		};
		7B8E18E9152738BD008F610F /* Products */ = {
			isa = PBXGroup;
			children = (
				7B8E18E8152738BD008F610F /* Boy Kuripot.app */,
				7B8E190F152738BD008F610F /* Boy KuripotTests.octest */,
			);
			name = Products;
			sourceTree = "<group>";
		};
		7B8E18EB152738BD008F610F /* Frameworks */ = {
			isa = PBXGroup;
			children = (
				7B8E18EC152738BD008F610F /* UIKit.framework */,
				7B8E18EE152738BD008F610F /* Foundation.framework */,
				7B8E18F0152738BD008F610F /* CoreGraphics.framework */,
				7B8E1910152738BD008F610F /* SenTestingKit.framework */,
			);
			name = Frameworks;
			sourceTree = "<group>";
		};
		7B8E18F2152738BD008F610F /* FeedReader */ = {
			isa = PBXGroup;
			children = (
				7BCA1B6215484B4F00D080AE /* Reachability.h */,
				7BCA1B6315484B4F00D080AE /* Reachability.m */,
				7BD198621540466600C62FFE /* css */,
				7BD1985E153F177E00C62FFE /* Model */,
				7BD19848153903CE00C62FFE /* Services */,
				7BD1984715307B9900C62FFE /* images */,
				7B8E18FB152738BD008F610F /* KTAppDelegate.h */,
				7B8E18FC152738BD008F610F /* KTAppDelegate.m */,
				7B8E18FE152738BD008F610F /* MainStoryboard_iPhone.storyboard */,
				7B8E1901152738BD008F610F /* MainStoryboard_iPad.storyboard */,
				7BD19814152D4F5600C62FFE /* SplashViewController.h */,
				7BD19815152D4F5700C62FFE /* SplashViewController.m */,
				7B8E1904152738BD008F610F /* KTMasterViewController.h */,
				7B8E1905152738BD008F610F /* KTMasterViewController.m */,
				7B8E1907152738BD008F610F /* KTDetailViewController.h */,
				7B8E1908152738BD008F610F /* KTDetailViewController.m */,
				7B8E18F3152738BD008F610F /* Supporting Files */,
				7B7C03141527D7080096D599 /* FeedEntryView.h */,
				7B7C03151527D7080096D599 /* FeedEntryView.m */,
				7BD197C0152C860400C62FFE /* FeedEntryLabel.h */,
				7BD197C1152C860400C62FFE /* FeedEntryLabel.m */,
				7BD1985415391DE600C62FFE /* Constants.h */,
				7BF553B215483D5800B133B1 /* MyViewController.h */,
				7BF553B315483D5800B133B1 /* MyViewController.m */,
			);
			path = FeedReader;
			sourceTree = "<group>";
		};
		7B8E18F3152738BD008F610F /* Supporting Files */ = {
			isa = PBXGroup;
			children = (
				7B8E18F4152738BD008F610F /* Boy Kuripot-Info.plist */,
				7B8E18F5152738BD008F610F /* InfoPlist.strings */,
				7B8E18F8152738BD008F610F /* main.m */,
				7B8E18FA152738BD008F610F /* Boy Kuripot-Prefix.pch */,
			);
			name = "Supporting Files";
			sourceTree = "<group>";
		};
		7B8E1916152738BD008F610F /* FeedReaderTests */ = {
			isa = PBXGroup;
			children = (
				7B8E191C152738BD008F610F /* FeedReaderTests.h */,
				7B8E191D152738BD008F610F /* FeedReaderTests.m */,
				7B8E1917152738BD008F610F /* Supporting Files */,
			);
			path = FeedReaderTests;
			sourceTree = "<group>";
		};
		7B8E1917152738BD008F610F /* Supporting Files */ = {
			isa = PBXGroup;
			children = (
				7B8E1918152738BD008F610F /* Boy KuripotTests-Info.plist */,
				7B8E1919152738BD008F610F /* InfoPlist.strings */,
			);
			name = "Supporting Files";
			sourceTree = "<group>";
		};
		7BAF107B15467B610029E4C2 /* Mediation */ = {
			isa = PBXGroup;
			children = (
			);
			path = Mediation;
			sourceTree = "<group>";
		};
		7BD1984715307B9900C62FFE /* images */ = {
			isa = PBXGroup;
			children = (
				7BF553A815483A4F00B133B1 /* boykuripot-app-icon-retina.png */,
				7BF553A61548392C00B133B1 /* boykuripot-app-icon.png */,
				7BD198761540698D00C62FFE /* email.jpg */,
				7BD198771540698D00C62FFE /* facebook.jpg */,
				7BD198781540698D00C62FFE /* twitter.jpg */,
				7BD1986E1540531000C62FFE /* 300x100.jpg */,
				7BD1986F1540531000C62FFE /* timeline photo.jpg */,
				7BD198701540531000C62FFE /* WIN BIG 120 x 240.jpg */,
				7BD1984F153906CB00C62FFE /* boykuripot-banner.jpg */,
				7BD1984515307B9000C62FFE /* BoyKuripot.jpg */,
			);
			name = images;
			sourceTree = "<group>";
		};
		7BD19848153903CE00C62FFE /* Services */ = {
			isa = PBXGroup;
			children = (
				7BD19849153903EF00C62FFE /* FeedService.h */,
				7BD1984A153903EF00C62FFE /* FeedService.m */,
				7BD1984C1539041B00C62FFE /* XmlParser.h */,
				7BD1984D1539041B00C62FFE /* XmlParser.m */,
				7BD198551539216C00C62FFE /* FeedEntryXmlParser.h */,
				7BD198561539216C00C62FFE /* FeedEntryXmlParser.m */,
				7BD19858153DB5D700C62FFE /* DatabaseService.h */,
				7BD19859153DB5D800C62FFE /* DatabaseService.m */,
				7BD1985B153EF96800C62FFE /* WebContentService.h */,
				7BD1985C153EF96C00C62FFE /* WebContentService.m */,
				7BD1986515404E0700C62FFE /* ViewService.h */,
				7BD1986615404E0800C62FFE /* ViewService.m */,
			);
			name = Services;
			sourceTree = "<group>";
		};
		7BD1985E153F177E00C62FFE /* Model */ = {
			isa = PBXGroup;
			children = (
				7B7C03181527D7430096D599 /* FeedEntry.h */,
				7B7C03191527D7430096D599 /* FeedEntry.m */,
				7B48F54415288D0600AF4235 /* DbRecord.h */,
				7B48F54515288D0600AF4235 /* DbRecord.m */,
				7BD1985F153F17B100C62FFE /* FeedEntryImage.h */,
				7BD19860153F17B100C62FFE /* FeedEntryImage.m */,
			);
			name = Model;
			sourceTree = "<group>";
		};
		7BD198621540466600C62FFE /* css */ = {
			isa = PBXGroup;
			children = (
				7BD1987415405C4F00C62FFE /* homeEntry.css */,
			);
			name = css;
			sourceTree = "<group>";
		};
/* End PBXGroup section */

/* Begin PBXNativeTarget section */
		7B8E18E7152738BD008F610F /* Boy Kuripot */ = {
			isa = PBXNativeTarget;
			buildConfigurationList = 7B8E1921152738BD008F610F /* Build configuration list for PBXNativeTarget "Boy Kuripot" */;
			buildPhases = (
				7B8E18E4152738BD008F610F /* Sources */,
				7B8E18E5152738BD008F610F /* Frameworks */,
				7B8E18E6152738BD008F610F /* Resources */,
			);
			buildRules = (
			);
			dependencies = (
			);
			name = "Boy Kuripot";
			productName = FeedReader;
			productReference = 7B8E18E8152738BD008F610F /* Boy Kuripot.app */;
			productType = "com.apple.product-type.application";
		};
		7B8E190E152738BD008F610F /* Boy KuripotTests */ = {
			isa = PBXNativeTarget;
			buildConfigurationList = 7B8E1924152738BD008F610F /* Build configuration list for PBXNativeTarget "Boy KuripotTests" */;
			buildPhases = (
				7B8E190A152738BD008F610F /* Sources */,
				7B8E190B152738BD008F610F /* Frameworks */,
				7B8E190C152738BD008F610F /* Resources */,
				7B8E190D152738BD008F610F /* ShellScript */,
			);
			buildRules = (
			);
			dependencies = (
				7B8E1915152738BD008F610F /* PBXTargetDependency */,
			);
			name = "Boy KuripotTests";
			productName = FeedReaderTests;
			productReference = 7B8E190F152738BD008F610F /* Boy KuripotTests.octest */;
			productType = "com.apple.product-type.bundle";
		};
/* End PBXNativeTarget section */

/* Begin PBXProject section */
		7B8E18DF152738BD008F610F /* Project object */ = {
			isa = PBXProject;
			attributes = {
				LastUpgradeCheck = 0420;
			};
			buildConfigurationList = 7B8E18E2152738BD008F610F /* Build configuration list for PBXProject "Boy Kuripot" */;
			compatibilityVersion = "Xcode 3.2";
			developmentRegion = English;
			hasScannedForEncodings = 0;
			knownRegions = (
				en,
			);
			mainGroup = 7B8E18DD152738BC008F610F;
			productRefGroup = 7B8E18E9152738BD008F610F /* Products */;
			projectDirPath = "";
			projectRoot = "";
			targets = (
				7B8E18E7152738BD008F610F /* Boy Kuripot */,
				7B8E190E152738BD008F610F /* Boy KuripotTests */,
			);
		};
/* End PBXProject section */

/* Begin PBXResourcesBuildPhase section */
		7B8E18E6152738BD008F610F /* Resources */ = {
			isa = PBXResourcesBuildPhase;
			buildActionMask = 2147483647;
			files = (
				7B8E18F7152738BD008F610F /* InfoPlist.strings in Resources */,
				7B8E1900152738BD008F610F /* MainStoryboard_iPhone.storyboard in Resources */,
				7B8E1903152738BD008F610F /* MainStoryboard_iPad.storyboard in Resources */,
				7BD1984615307B9100C62FFE /* BoyKuripot.jpg in Resources */,
				7BD19850153906CB00C62FFE /* boykuripot-banner.jpg in Resources */,
				7BD198711540531000C62FFE /* 300x100.jpg in Resources */,
				7BD198721540531000C62FFE /* timeline photo.jpg in Resources */,
				7BD198731540531000C62FFE /* WIN BIG 120 x 240.jpg in Resources */,
				7BD1987515405C4F00C62FFE /* homeEntry.css in Resources */,
				7BD198791540698D00C62FFE /* email.jpg in Resources */,
				7BD1987A1540698D00C62FFE /* facebook.jpg in Resources */,
				7BD1987B1540698D00C62FFE /* twitter.jpg in Resources */,
				7BF553A71548392C00B133B1 /* boykuripot-app-icon.png in Resources */,
				7BF553AB15483AC500B133B1 /* boykuripot-app-icon.png in Resources */,
				7BF553AD15483BA200B133B1 /* boykuripot-app-icon-retina.png in Resources */,
				7BF553AE15483C2A00B133B1 /* boykuripot-app-icon-retina.png in Resources */,
			);
			runOnlyForDeploymentPostprocessing = 0;
		};
		7B8E190C152738BD008F610F /* Resources */ = {
			isa = PBXResourcesBuildPhase;
			buildActionMask = 2147483647;
			files = (
				7B8E191B152738BD008F610F /* InfoPlist.strings in Resources */,
			);
			runOnlyForDeploymentPostprocessing = 0;
		};
/* End PBXResourcesBuildPhase section */

/* Begin PBXShellScriptBuildPhase section */
		7B8E190D152738BD008F610F /* ShellScript */ = {
			isa = PBXShellScriptBuildPhase;
			buildActionMask = 2147483647;
			files = (
			);
			inputPaths = (
			);
			outputPaths = (
			);
			runOnlyForDeploymentPostprocessing = 0;
			shellPath = /bin/sh;
			shellScript = "# Run the unit tests in this test bundle.\n\"${SYSTEM_DEVELOPER_DIR}/Tools/RunUnitTests\"\n";
		};
/* End PBXShellScriptBuildPhase section */

/* Begin PBXSourcesBuildPhase section */
		7B8E18E4152738BD008F610F /* Sources */ = {
			isa = PBXSourcesBuildPhase;
			buildActionMask = 2147483647;
			files = (
				7B8E18F9152738BD008F610F /* main.m in Sources */,
				7B8E18FD152738BD008F610F /* KTAppDelegate.m in Sources */,
				7B8E1906152738BD008F610F /* KTMasterViewController.m in Sources */,
				7B8E1909152738BD008F610F /* KTDetailViewController.m in Sources */,
				7B7C03161527D7080096D599 /* FeedEntryView.m in Sources */,
				7B7C031A1527D7430096D599 /* FeedEntry.m in Sources */,
				7B48F54615288D0600AF4235 /* DbRecord.m in Sources */,
				7BD197C2152C860500C62FFE /* FeedEntryLabel.m in Sources */,
				7BD19816152D4F5700C62FFE /* SplashViewController.m in Sources */,
				7BD1984B153903EF00C62FFE /* FeedService.m in Sources */,
				7BD1984E1539041B00C62FFE /* XmlParser.m in Sources */,
				7BD198571539216C00C62FFE /* FeedEntryXmlParser.m in Sources */,
				7BD1985A153DB5D800C62FFE /* DatabaseService.m in Sources */,
				7BD1985D153EF97200C62FFE /* WebContentService.m in Sources */,
				7BD19861153F17B100C62FFE /* FeedEntryImage.m in Sources */,
				7BD1986715404E0800C62FFE /* ViewService.m in Sources */,
				7BF553B415483D5800B133B1 /* MyViewController.m in Sources */,
				7BCA1B6415484B4F00D080AE /* Reachability.m in Sources */,
			);
			runOnlyForDeploymentPostprocessing = 0;
		};
		7B8E190A152738BD008F610F /* Sources */ = {
			isa = PBXSourcesBuildPhase;
			buildActionMask = 2147483647;
			files = (
				7B8E191E152738BD008F610F /* FeedReaderTests.m in Sources */,
			);
			runOnlyForDeploymentPostprocessing = 0;
		};
/* End PBXSourcesBuildPhase section */

/* Begin PBXTargetDependency section */
		7B8E1915152738BD008F610F /* PBXTargetDependency */ = {
			isa = PBXTargetDependency;
			target = 7B8E18E7152738BD008F610F /* Boy Kuripot */;
			targetProxy = 7B8E1914152738BD008F610F /* PBXContainerItemProxy */;
		};
/* End PBXTargetDependency section */

/* Begin PBXVariantGroup section */
		7B8E18F5152738BD008F610F /* InfoPlist.strings */ = {
			isa = PBXVariantGroup;
			children = (
				7B8E18F6152738BD008F610F /* en */,
			);
			name = InfoPlist.strings;
			sourceTree = "<group>";
		};
		7B8E18FE152738BD008F610F /* MainStoryboard_iPhone.storyboard */ = {
			isa = PBXVariantGroup;
			children = (
				7B8E18FF152738BD008F610F /* en */,
			);
			name = MainStoryboard_iPhone.storyboard;
			sourceTree = "<group>";
		};
		7B8E1901152738BD008F610F /* MainStoryboard_iPad.storyboard */ = {
			isa = PBXVariantGroup;
			children = (
				7B8E1902152738BD008F610F /* en */,
			);
			name = MainStoryboard_iPad.storyboard;
			sourceTree = "<group>";
		};
		7B8E1919152738BD008F610F /* InfoPlist.strings */ = {
			isa = PBXVariantGroup;
			children = (
				7B8E191A152738BD008F610F /* en */,
			);
			name = InfoPlist.strings;
			sourceTree = "<group>";
		};
/* End PBXVariantGroup section */

/* Begin XCBuildConfiguration section */
		7B8E191F152738BD008F610F /* Debug */ = {
			isa = XCBuildConfiguration;
			buildSettings = {
				ALWAYS_SEARCH_USER_PATHS = NO;
				ARCHS = "$(ARCHS_STANDARD_32_BIT)";
				CLANG_ENABLE_OBJC_ARC = YES;
				"CODE_SIGN_IDENTITY[sdk=iphoneos*]" = "iPhone Developer";
				COPY_PHASE_STRIP = NO;
				GCC_C_LANGUAGE_STANDARD = gnu99;
				GCC_DYNAMIC_NO_PIC = NO;
				GCC_OPTIMIZATION_LEVEL = 0;
				GCC_PREPROCESSOR_DEFINITIONS = (
					"DEBUG=1",
					"$(inherited)",
				);
				GCC_SYMBOLS_PRIVATE_EXTERN = NO;
				GCC_VERSION = com.apple.compilers.llvm.clang.1_0;
				GCC_WARN_ABOUT_MISSING_PROTOTYPES = YES;
				GCC_WARN_ABOUT_RETURN_TYPE = YES;
				GCC_WARN_UNUSED_VARIABLE = YES;
				INSTALL_OWNER = kerwintang;
				IPHONEOS_DEPLOYMENT_TARGET = 5.0;
				SDKROOT = iphoneos;
				TARGETED_DEVICE_FAMILY = "1,2";
			};
			name = Debug;
		};
		7B8E1920152738BD008F610F /* Release */ = {
			isa = XCBuildConfiguration;
			buildSettings = {
				ALWAYS_SEARCH_USER_PATHS = NO;
				ARCHS = "$(ARCHS_STANDARD_32_BIT)";
				CLANG_ENABLE_OBJC_ARC = YES;
				"CODE_SIGN_IDENTITY[sdk=iphoneos*]" = "iPhone Developer";
				COPY_PHASE_STRIP = YES;
				GCC_C_LANGUAGE_STANDARD = gnu99;
				GCC_VERSION = com.apple.compilers.llvm.clang.1_0;
				GCC_WARN_ABOUT_MISSING_PROTOTYPES = YES;
				GCC_WARN_ABOUT_RETURN_TYPE = YES;
				GCC_WARN_UNUSED_VARIABLE = YES;
				INSTALL_OWNER = kerwintang;
				IPHONEOS_DEPLOYMENT_TARGET = 5.0;
				OTHER_CFLAGS = "-DNS_BLOCK_ASSERTIONS=1";
				SDKROOT = iphoneos;
				TARGETED_DEVICE_FAMILY = "1,2";
				VALIDATE_PRODUCT = YES;
			};
			name = Release;
		};
		7B8E1922152738BD008F610F /* Debug */ = {
			isa = XCBuildConfiguration;
			buildSettings = {
				ALTERNATE_OWNER = kerwintang;
				GCC_PRECOMPILE_PREFIX_HEADER = YES;
				GCC_PREFIX_HEADER = "FeedReader/Boy Kuripot-Prefix.pch";
				INFOPLIST_FILE = "FeedReader/Boy Kuripot-Info.plist";
				INSTALL_OWNER = "$(USER)";
				LIBRARY_SEARCH_PATHS = (
					"$(inherited)",
					"\"$(SRCROOT)\"",
				);
				PRODUCT_NAME = "Boy Kuripot";
				WRAPPER_EXTENSION = app;
			};
			name = Debug;
		};
		7B8E1923152738BD008F610F /* Release */ = {
			isa = XCBuildConfiguration;
			buildSettings = {
				ALTERNATE_OWNER = kerwintang;
				GCC_PRECOMPILE_PREFIX_HEADER = YES;
				GCC_PREFIX_HEADER = "FeedReader/Boy Kuripot-Prefix.pch";
				INFOPLIST_FILE = "FeedReader/Boy Kuripot-Info.plist";
				INSTALL_OWNER = "$(USER)";
				LIBRARY_SEARCH_PATHS = (
					"$(inherited)",
					"\"$(SRCROOT)\"",
				);
				PRODUCT_NAME = "Boy Kuripot";
				WRAPPER_EXTENSION = app;
			};
			name = Release;
		};
		7B8E1925152738BD008F610F /* Debug */ = {
			isa = XCBuildConfiguration;
			buildSettings = {
				BUNDLE_LOADER = "$(BUILT_PRODUCTS_DIR)/FeedReader.app/FeedReader";
				FRAMEWORK_SEARCH_PATHS = (
					"$(SDKROOT)/Developer/Library/Frameworks",
					"$(DEVELOPER_LIBRARY_DIR)/Frameworks",
				);
				GCC_PRECOMPILE_PREFIX_HEADER = YES;
				GCC_PREFIX_HEADER = "FeedReader/FeedReader-Prefix.pch";
				INFOPLIST_FILE = "FeedReaderTests/Boy KuripotTests-Info.plist";
				PRODUCT_NAME = "Boy KuripotTests";
				TEST_HOST = "$(BUNDLE_LOADER)";
				WRAPPER_EXTENSION = octest;
			};
			name = Debug;
		};
		7B8E1926152738BD008F610F /* Release */ = {
			isa = XCBuildConfiguration;
			buildSettings = {
				BUNDLE_LOADER = "$(BUILT_PRODUCTS_DIR)/FeedReader.app/FeedReader";
				FRAMEWORK_SEARCH_PATHS = (
					"$(SDKROOT)/Developer/Library/Frameworks",
					"$(DEVELOPER_LIBRARY_DIR)/Frameworks",
				);
				GCC_PRECOMPILE_PREFIX_HEADER = YES;
				GCC_PREFIX_HEADER = "FeedReader/FeedReader-Prefix.pch";
				INFOPLIST_FILE = "FeedReaderTests/Boy KuripotTests-Info.plist";
				PRODUCT_NAME = "Boy KuripotTests";
				TEST_HOST = "$(BUNDLE_LOADER)";
				WRAPPER_EXTENSION = octest;
			};
			name = Release;
		};
/* End XCBuildConfiguration section */

/* Begin XCConfigurationList section */
		7B8E18E2152738BD008F610F /* Build configuration list for PBXProject "Boy Kuripot" */ = {
			isa = XCConfigurationList;
			buildConfigurations = (
				7B8E191F152738BD008F610F /* Debug */,
				7B8E1920152738BD008F610F /* Release */,
			);
			defaultConfigurationIsVisible = 0;
			defaultConfigurationName = Release;
		};
		7B8E1921152738BD008F610F /* Build configuration list for PBXNativeTarget "Boy Kuripot" */ = {
			isa = XCConfigurationList;
			buildConfigurations = (
				7B8E1922152738BD008F610F /* Debug */,
				7B8E1923152738BD008F610F /* Release */,
			);
			defaultConfigurationIsVisible = 0;
			defaultConfigurationName = Release;
		};
		7B8E1924152738BD008F610F /* Build configuration list for PBXNativeTarget "Boy KuripotTests" */ = {
			isa = XCConfigurationList;
			buildConfigurations = (
				7B8E1925152738BD008F610F /* Debug */,
				7B8E1926152738BD008F610F /* Release */,
			);
			defaultConfigurationIsVisible = 0;
			defaultConfigurationName = Release;
		};
/* End XCConfigurationList section */
	};
	rootObject = 7B8E18DF152738BD008F610F /* Project object */;
}
